
Microsoft Visual Studio Solution File, Format Version 12.00
# Visual Studio Version 17
VisualStudioVersion = 17.14.36109.1 d17.14
MinimumVisualStudioVersion = 10.0.40219.1
Project("{FAE04EC0-301F-11D3-BF4B-00C04F79EFBC}") = "FlaskAuthSDK", "FlaskAuthSDK.csproj", "{56A835DF-DF4C-43CB-97F6-0CE1AE0A4C3D}"
EndProject
Global
	GlobalSection(SolutionConfigurationPlatforms) = preSolution
		Debug|Any CPU = Debug|Any CPU
		Release|Any CPU = Release|Any CPU
	EndGlobalSection
	GlobalSection(ProjectConfigurationPlatforms) = postSolution
		{56A835DF-DF4C-43CB-97F6-0CE1AE0A4C3D}.Debug|Any CPU.ActiveCfg = Debug|Any CPU
		{56A835DF-DF4C-43CB-97F6-0CE1AE0A4C3D}.Debug|Any CPU.Build.0 = Debug|Any CPU
		{56A835DF-DF4C-43CB-97F6-0CE1AE0A4C3D}.Release|Any CPU.ActiveCfg = Release|Any CPU
		{56A835DF-DF4C-43CB-97F6-0CE1AE0A4C3D}.Release|Any CPU.Build.0 = Release|Any CPU
	EndGlobalSection
	GlobalSection(SolutionProperties) = preSolution
		HideSolutionNode = FALSE
	EndGlobalSection
	GlobalSection(ExtensibilityGlobals) = postSolution
		SolutionGuid = {5BE0814E-6EE0-4CC8-A87F-255E3D868A07}
	EndGlobalSection
EndGlobal
